
Microsoft Visual Studio Solution File, Format Version 12.00
# Visual Studio 15
VisualStudioVersion = 15.0.28307.168
MinimumVisualStudioVersion = 10.0.40219.1
Project("{FAE04EC0-301F-11D3-BF4B-00C04F79EFBC}") = "c0727100 week 04", "c0727100 week 04\c0727100 week 04.csproj", "{05F557F7-2530-4A05-BB14-19959C6B9D46}"
EndProject
Global
	GlobalSection(SolutionConfigurationPlatforms) = preSolution
		Debug|Any CPU = Debug|Any CPU
		Release|Any CPU = Release|Any CPU
	EndGlobalSection
	GlobalSection(ProjectConfigurationPlatforms) = postSolution
		{05F557F7-2530-4A05-BB14-19959C6B9D46}.Debug|Any CPU.ActiveCfg = Debug|Any CPU
		{05F557F7-2530-4A05-BB14-19959C6B9D46}.Debug|Any CPU.Build.0 = Debug|Any CPU
		{05F557F7-2530-4A05-BB14-19959C6B9D46}.Release|Any CPU.ActiveCfg = Release|Any CPU
		{05F557F7-2530-4A05-BB14-19959C6B9D46}.Release|Any CPU.Build.0 = Release|Any CPU
	EndGlobalSection
	GlobalSection(SolutionProperties) = preSolution
		HideSolutionNode = FALSE
	EndGlobalSection
	GlobalSection(ExtensibilityGlobals) = postSolution
		SolutionGuid = {333DBB09-4D73-4230-9B4D-287D0246F8F3}
	EndGlobalSection
EndGlobal
